PODS:
  - BBBadgeBarButtonItem (1.2)
  - EDSunriseSet (2.0)
  - MGSwipeTableCell (1.5.6)

DEPENDENCIES:
  - BBBadgeBarButtonItem
  - EDSunriseSet (from `https://github.com/jelmerderonde/EDSunriseSet`)
  - MGSwipeTableCell

EXTERNAL SOURCES:
  EDSunriseSet:
    :git: https://github.com/jelmerderonde/EDSunriseSet

CHECKOUT OPTIONS:
  EDSunriseSet:
    :commit: 659ae1418433104cc9c152c2760fd1884101ceba
    :git: https://github.com/jelmerderonde/EDSunriseSet

SPEC CHECKSUMS:
  BBBadgeBarButtonItem: c2fbca0bff18e21b70defc9438a8a5048008e7ca
  EDSunriseSet: 6cbe2d2405d3258f31e0c52c2f3e8b84dba65c53
  MGSwipeTableCell: 616700eb0ffd1c611ba909066cb7fd739790a0a7

PODFILE CHECKSUM: ba49535c99e7c6e9746353062cd48c4c827513a1

COCOAPODS: 1.2.0.rc.1
